// !$*UTF8*$!
{
	archiveVersion = 1;
	classes = {
	};
	objectVersion = 50;
	objects = {

/* Begin PBXBuildFile section */
		AA1E5342205A94CA002A5D43 /* CDTools4Tests.swift in Sources */ = {isa = PBXBuildFile; fileRef = AA1E5341205A94CA002A5D43 /* CDTools4Tests.swift */; };
		AA1E535B205ACBA9002A5D43 /* AppDelegate.swift in Sources */ = {isa = PBXBuildFile; fileRef = AA1E535A205ACBA9002A5D43 /* AppDelegate.swift */; };
		AA1E535D205ACBA9002A5D43 /* ViewController.swift in Sources */ = {isa = PBXBuildFile; fileRef = AA1E535C205ACBA9002A5D43 /* ViewController.swift */; };
		AA1E5360205ACBA9002A5D43 /* Main.storyboard in Resources */ = {isa = PBXBuildFile; fileRef = AA1E535E205ACBA9002A5D43 /* Main.storyboard */; };
		AA1E5362205ACBAC002A5D43 /* Assets.xcassets in Resources */ = {isa = PBXBuildFile; fileRef = AA1E5361205ACBAC002A5D43 /* Assets.xcassets */; };
		AA1E5365205ACBAC002A5D43 /* LaunchScreen.storyboard in Resources */ = {isa = PBXBuildFile; fileRef = AA1E5363205ACBAC002A5D43 /* LaunchScreen.storyboard */; };
		AA3572D8207B766B0033B4E4 /* UIViewController+CDTools.swift in Sources */ = {isa = PBXBuildFile; fileRef = AA3572D6207B75B50033B4E4 /* UIViewController+CDTools.swift */; };
		AA3572DC207B7CCA0033B4E4 /* UICollectionViewCell+CDTools.swift in Sources */ = {isa = PBXBuildFile; fileRef = AA3572DA207B7A640033B4E4 /* UICollectionViewCell+CDTools.swift */; };
		AA3572DF207B7CFE0033B4E4 /* UICollectionView+CDTools.swift in Sources */ = {isa = PBXBuildFile; fileRef = AA3572DD207B7CEB0033B4E4 /* UICollectionView+CDTools.swift */; };
		AA3572EA207CA1AF0033B4E4 /* Array+CDTools.swift in Sources */ = {isa = PBXBuildFile; fileRef = AA3572E9207CA1AF0033B4E4 /* Array+CDTools.swift */; };
		AA3572EE207CA7420033B4E4 /* ResponsiveLayoutConstraint.swift in Sources */ = {isa = PBXBuildFile; fileRef = AA3572ED207CA7420033B4E4 /* ResponsiveLayoutConstraint.swift */; };
		AA6DB8E4205BAF450002F4B7 /* String+Localizable.swift in Sources */ = {isa = PBXBuildFile; fileRef = AA1E5349205A94F2002A5D43 /* String+Localizable.swift */; };
		AA6DB8E5205BAF450002F4B7 /* UIView+CDTools.swift in Sources */ = {isa = PBXBuildFile; fileRef = AA1E534B205A94F2002A5D43 /* UIView+CDTools.swift */; };
		AA6DB8E6205BAF450002F4B7 /* Bundle+CDTools.swift in Sources */ = {isa = PBXBuildFile; fileRef = AA1E534C205A94F2002A5D43 /* Bundle+CDTools.swift */; };
		AA6DB8E7205BAF450002F4B7 /* UIColor+CDTools.swift in Sources */ = {isa = PBXBuildFile; fileRef = AA1E534D205A94F2002A5D43 /* UIColor+CDTools.swift */; };
		AA6DB8E8205BAF450002F4B7 /* UIKeyboard+CDTools.swift in Sources */ = {isa = PBXBuildFile; fileRef = AA1E534E205A94F2002A5D43 /* UIKeyboard+CDTools.swift */; };
		AA6DB8E9205BAF450002F4B7 /* UITableView+CDTools.swift in Sources */ = {isa = PBXBuildFile; fileRef = AA6DB8E0205BAF0D0002F4B7 /* UITableView+CDTools.swift */; };
		AA6DB8EA205BAF450002F4B7 /* UITableViewCell+CDTools.swift in Sources */ = {isa = PBXBuildFile; fileRef = AA6DB8E2205BAF1F0002F4B7 /* UITableViewCell+CDTools.swift */; };
		AA8CE90D2091B87A00CC0847 /* Collection+CDTools.swift in Sources */ = {isa = PBXBuildFile; fileRef = AA8CE8FE2091B7C900CC0847 /* Collection+CDTools.swift */; };
		AA8CE90E2091B87A00CC0847 /* IndexPath+CDTools.swift in Sources */ = {isa = PBXBuildFile; fileRef = AA8CE8FD2091B7C800CC0847 /* IndexPath+CDTools.swift */; };
		AA8CE90F2091B87A00CC0847 /* AnimatedButton.swift in Sources */ = {isa = PBXBuildFile; fileRef = AA8CE9042091B84400CC0847 /* AnimatedButton.swift */; };
		AA8CE9102091B87A00CC0847 /* CircularProgressButton.swift in Sources */ = {isa = PBXBuildFile; fileRef = AA8CE9032091B84400CC0847 /* CircularProgressButton.swift */; };
		AA8CE9112091B87A00CC0847 /* GrowingTextField.swift in Sources */ = {isa = PBXBuildFile; fileRef = AA8CE9012091B84400CC0847 /* GrowingTextField.swift */; };
		AA8CE9122091B87A00CC0847 /* Haptics.swift in Sources */ = {isa = PBXBuildFile; fileRef = AA8CE9062091B84400CC0847 /* Haptics.swift */; };
		AA8CE9132091B87A00CC0847 /* ImageButton.swift in Sources */ = {isa = PBXBuildFile; fileRef = AA8CE9052091B84400CC0847 /* ImageButton.swift */; };
		AA8CE9142091B87A00CC0847 /* UITextField+CDTools.swift in Sources */ = {isa = PBXBuildFile; fileRef = AA8CE9022091B84400CC0847 /* UITextField+CDTools.swift */; };
		AAAA4EA0207D432D009C0360 /* NSLayoutConstraint+CDTools.swift in Sources */ = {isa = PBXBuildFile; fileRef = AAAA4E9E207D4302009C0360 /* NSLayoutConstraint+CDTools.swift */; };
/* End PBXBuildFile section */

/* Begin PBXFileReference section */
		AA1E533E205A94CA002A5D43 /* CDTools4Tests.xctest */ = {isa = PBXFileReference; explicitFileType = wrapper.cfbundle; includeInIndex = 0; path = CDTools4Tests.xctest; sourceTree = BUILT_PRODUCTS_DIR; };
		AA1E5341205A94CA002A5D43 /* CDTools4Tests.swift */ = {isa = PBXFileReference; lastKnownFileType = sourcecode.swift; path = CDTools4Tests.swift; sourceTree = "<group>"; };
		AA1E5343205A94CA002A5D43 /* Info.plist */ = {isa = PBXFileReference; lastKnownFileType = text.plist.xml; path = Info.plist; sourceTree = "<group>"; };
		AA1E5349205A94F2002A5D43 /* String+Localizable.swift */ = {isa = PBXFileReference; fileEncoding = 4; lastKnownFileType = sourcecode.swift; path = "String+Localizable.swift"; sourceTree = "<group>"; };
		AA1E534B205A94F2002A5D43 /* UIView+CDTools.swift */ = {isa = PBXFileReference; fileEncoding = 4; lastKnownFileType = sourcecode.swift; path = "UIView+CDTools.swift"; sourceTree = "<group>"; };
		AA1E534C205A94F2002A5D43 /* Bundle+CDTools.swift */ = {isa = PBXFileReference; fileEncoding = 4; lastKnownFileType = sourcecode.swift; path = "Bundle+CDTools.swift"; sourceTree = "<group>"; };
		AA1E534D205A94F2002A5D43 /* UIColor+CDTools.swift */ = {isa = PBXFileReference; fileEncoding = 4; lastKnownFileType = sourcecode.swift; path = "UIColor+CDTools.swift"; sourceTree = "<group>"; };
		AA1E534E205A94F2002A5D43 /* UIKeyboard+CDTools.swift */ = {isa = PBXFileReference; fileEncoding = 4; lastKnownFileType = sourcecode.swift; path = "UIKeyboard+CDTools.swift"; sourceTree = "<group>"; };
		AA1E5358205ACBA9002A5D43 /* CDTools4Example.app */ = {isa = PBXFileReference; explicitFileType = wrapper.application; includeInIndex = 0; path = CDTools4Example.app; sourceTree = BUILT_PRODUCTS_DIR; };
		AA1E535A205ACBA9002A5D43 /* AppDelegate.swift */ = {isa = PBXFileReference; lastKnownFileType = sourcecode.swift; path = AppDelegate.swift; sourceTree = "<group>"; };
		AA1E535C205ACBA9002A5D43 /* ViewController.swift */ = {isa = PBXFileReference; lastKnownFileType = sourcecode.swift; path = ViewController.swift; sourceTree = "<group>"; };
		AA1E535F205ACBA9002A5D43 /* Base */ = {isa = PBXFileReference; lastKnownFileType = file.storyboard; name = Base; path = Base.lproj/Main.storyboard; sourceTree = "<group>"; };
		AA1E5361205ACBAC002A5D43 /* Assets.xcassets */ = {isa = PBXFileReference; lastKnownFileType = folder.assetcatalog; path = Assets.xcassets; sourceTree = "<group>"; };
		AA1E5364205ACBAC002A5D43 /* Base */ = {isa = PBXFileReference; lastKnownFileType = file.storyboard; name = Base; path = Base.lproj/LaunchScreen.storyboard; sourceTree = "<group>"; };
		AA1E5366205ACBAC002A5D43 /* Info.plist */ = {isa = PBXFileReference; lastKnownFileType = text.plist.xml; path = Info.plist; sourceTree = "<group>"; };
		AA3572D6207B75B50033B4E4 /* UIViewController+CDTools.swift */ = {isa = PBXFileReference; lastKnownFileType = sourcecode.swift; path = "UIViewController+CDTools.swift"; sourceTree = "<group>"; };
		AA3572DA207B7A640033B4E4 /* UICollectionViewCell+CDTools.swift */ = {isa = PBXFileReference; fileEncoding = 4; lastKnownFileType = sourcecode.swift; path = "UICollectionViewCell+CDTools.swift"; sourceTree = "<group>"; };
		AA3572DD207B7CEB0033B4E4 /* UICollectionView+CDTools.swift */ = {isa = PBXFileReference; fileEncoding = 4; lastKnownFileType = sourcecode.swift; path = "UICollectionView+CDTools.swift"; sourceTree = "<group>"; };
		AA3572E9207CA1AF0033B4E4 /* Array+CDTools.swift */ = {isa = PBXFileReference; lastKnownFileType = sourcecode.swift; path = "Array+CDTools.swift"; sourceTree = "<group>"; };
		AA3572ED207CA7420033B4E4 /* ResponsiveLayoutConstraint.swift */ = {isa = PBXFileReference; lastKnownFileType = sourcecode.swift; path = ResponsiveLayoutConstraint.swift; sourceTree = "<group>"; };
		AA3572F0207CA9AA0033B4E4 /* CDTools4.podspec */ = {isa = PBXFileReference; fileEncoding = 4; lastKnownFileType = text; path = CDTools4.podspec; sourceTree = "<group>"; };
		AA6DB8E0205BAF0D0002F4B7 /* UITableView+CDTools.swift */ = {isa = PBXFileReference; lastKnownFileType = sourcecode.swift; path = "UITableView+CDTools.swift"; sourceTree = "<group>"; };
		AA6DB8E2205BAF1F0002F4B7 /* UITableViewCell+CDTools.swift */ = {isa = PBXFileReference; lastKnownFileType = sourcecode.swift; path = "UITableViewCell+CDTools.swift"; sourceTree = "<group>"; };
		AA8CE8FD2091B7C800CC0847 /* IndexPath+CDTools.swift */ = {isa = PBXFileReference; fileEncoding = 4; lastKnownFileType = sourcecode.swift; path = "IndexPath+CDTools.swift"; sourceTree = "<group>"; };
		AA8CE8FE2091B7C900CC0847 /* Collection+CDTools.swift */ = {isa = PBXFileReference; fileEncoding = 4; lastKnownFileType = sourcecode.swift; path = "Collection+CDTools.swift"; sourceTree = "<group>"; };
		AA8CE9012091B84400CC0847 /* GrowingTextField.swift */ = {isa = PBXFileReference; fileEncoding = 4; lastKnownFileType = sourcecode.swift; path = GrowingTextField.swift; sourceTree = "<group>"; };
		AA8CE9022091B84400CC0847 /* UITextField+CDTools.swift */ = {isa = PBXFileReference; fileEncoding = 4; lastKnownFileType = sourcecode.swift; path = "UITextField+CDTools.swift"; sourceTree = "<group>"; };
		AA8CE9032091B84400CC0847 /* CircularProgressButton.swift */ = {isa = PBXFileReference; fileEncoding = 4; lastKnownFileType = sourcecode.swift; path = CircularProgressButton.swift; sourceTree = "<group>"; };
		AA8CE9042091B84400CC0847 /* AnimatedButton.swift */ = {isa = PBXFileReference; fileEncoding = 4; lastKnownFileType = sourcecode.swift; path = AnimatedButton.swift; sourceTree = "<group>"; };
		AA8CE9052091B84400CC0847 /* ImageButton.swift */ = {isa = PBXFileReference; fileEncoding = 4; lastKnownFileType = sourcecode.swift; path = ImageButton.swift; sourceTree = "<group>"; };
		AA8CE9062091B84400CC0847 /* Haptics.swift */ = {isa = PBXFileReference; fileEncoding = 4; lastKnownFileType = sourcecode.swift; path = Haptics.swift; sourceTree = "<group>"; };
		AAAA4E9E207D4302009C0360 /* NSLayoutConstraint+CDTools.swift */ = {isa = PBXFileReference; lastKnownFileType = sourcecode.swift; path = "NSLayoutConstraint+CDTools.swift"; sourceTree = "<group>"; };
/* End PBXFileReference section */

/* Begin PBXFrameworksBuildPhase section */
		AA1E533B205A94CA002A5D43 /* Frameworks */ = {
			isa = PBXFrameworksBuildPhase;
			buildActionMask = 2147483647;
			files = (
			);
			runOnlyForDeploymentPostprocessing = 0;
		};
		AA1E5355205ACBA9002A5D43 /* Frameworks */ = {
			isa = PBXFrameworksBuildPhase;
			buildActionMask = 2147483647;
			files = (
			);
			runOnlyForDeploymentPostprocessing = 0;
		};
/* End PBXFrameworksBuildPhase section */

/* Begin PBXGroup section */
		AA1E5332205A9473002A5D43 = {
			isa = PBXGroup;
			children = (
				AA3572F0207CA9AA0033B4E4 /* CDTools4.podspec */,
				AA1E5347205A94DB002A5D43 /* Extension */,
				AA3572EF207CA8500033B4E4 /* User Interface */,
				AA1E5340205A94CA002A5D43 /* CDTools4Tests */,
				AA1E5359205ACBA9002A5D43 /* CDTools4Example */,
				AA1E533F205A94CA002A5D43 /* Products */,
			);
			sourceTree = "<group>";
		};
		AA1E533F205A94CA002A5D43 /* Products */ = {
			isa = PBXGroup;
			children = (
				AA1E533E205A94CA002A5D43 /* CDTools4Tests.xctest */,
				AA1E5358205ACBA9002A5D43 /* CDTools4Example.app */,
			);
			name = Products;
			sourceTree = "<group>";
		};
		AA1E5340205A94CA002A5D43 /* CDTools4Tests */ = {
			isa = PBXGroup;
			children = (
				AA1E5341205A94CA002A5D43 /* CDTools4Tests.swift */,
				AA1E5343205A94CA002A5D43 /* Info.plist */,
			);
			path = CDTools4Tests;
			sourceTree = "<group>";
		};
		AA1E5347205A94DB002A5D43 /* Extension */ = {
			isa = PBXGroup;
			children = (
				AA1E5348205A94F2002A5D43 /* Foundation */,
				AA1E534A205A94F2002A5D43 /* UI */,
			);
			path = Extension;
			sourceTree = "<group>";
		};
		AA1E5348205A94F2002A5D43 /* Foundation */ = {
			isa = PBXGroup;
			children = (
				AA8CE8FE2091B7C900CC0847 /* Collection+CDTools.swift */,
				AA8CE8FD2091B7C800CC0847 /* IndexPath+CDTools.swift */,
				AA1E5349205A94F2002A5D43 /* String+Localizable.swift */,
				AA3572E9207CA1AF0033B4E4 /* Array+CDTools.swift */,
			);
			name = Foundation;
			path = Extension/Foundation;
			sourceTree = SOURCE_ROOT;
		};
		AA1E534A205A94F2002A5D43 /* UI */ = {
			isa = PBXGroup;
			children = (
				AA8CE9042091B84400CC0847 /* AnimatedButton.swift */,
				AA8CE9052091B84400CC0847 /* ImageButton.swift */,
				AA8CE9032091B84400CC0847 /* CircularProgressButton.swift */,
				AA8CE9012091B84400CC0847 /* GrowingTextField.swift */,
				AA8CE9062091B84400CC0847 /* Haptics.swift */,
				AA8CE9022091B84400CC0847 /* UITextField+CDTools.swift */,
				AA3572DD207B7CEB0033B4E4 /* UICollectionView+CDTools.swift */,
				AA3572DA207B7A640033B4E4 /* UICollectionViewCell+CDTools.swift */,
				AA1E534B205A94F2002A5D43 /* UIView+CDTools.swift */,
				AA1E534C205A94F2002A5D43 /* Bundle+CDTools.swift */,
				AA1E534D205A94F2002A5D43 /* UIColor+CDTools.swift */,
				AA1E534E205A94F2002A5D43 /* UIKeyboard+CDTools.swift */,
				AA6DB8E0205BAF0D0002F4B7 /* UITableView+CDTools.swift */,
				AA6DB8E2205BAF1F0002F4B7 /* UITableViewCell+CDTools.swift */,
				AA3572D6207B75B50033B4E4 /* UIViewController+CDTools.swift */,
				AAAA4E9E207D4302009C0360 /* NSLayoutConstraint+CDTools.swift */,
			);
			name = UI;
			path = Extension/UI;
			sourceTree = SOURCE_ROOT;
		};
		AA1E5359205ACBA9002A5D43 /* CDTools4Example */ = {
			isa = PBXGroup;
			children = (
				AA1E535A205ACBA9002A5D43 /* AppDelegate.swift */,
				AA1E535C205ACBA9002A5D43 /* ViewController.swift */,
				AA1E535E205ACBA9002A5D43 /* Main.storyboard */,
				AA1E5361205ACBAC002A5D43 /* Assets.xcassets */,
				AA1E5363205ACBAC002A5D43 /* LaunchScreen.storyboard */,
				AA1E5366205ACBAC002A5D43 /* Info.plist */,
			);
			path = CDTools4Example;
			sourceTree = "<group>";
		};
		AA3572EF207CA8500033B4E4 /* User Interface */ = {
			isa = PBXGroup;
			children = (
				AA3572ED207CA7420033B4E4 /* ResponsiveLayoutConstraint.swift */,
			);
			path = "User Interface";
			sourceTree = "<group>";
		};
/* End PBXGroup section */

/* Begin PBXNativeTarget section */
		AA1E533D205A94CA002A5D43 /* CDTools4Tests */ = {
			isa = PBXNativeTarget;
			buildConfigurationList = AA1E5344205A94CA002A5D43 /* Build configuration list for PBXNativeTarget "CDTools4Tests" */;
			buildPhases = (
				AA1E533A205A94CA002A5D43 /* Sources */,
				AA1E533B205A94CA002A5D43 /* Frameworks */,
				AA1E533C205A94CA002A5D43 /* Resources */,
			);
			buildRules = (
			);
			dependencies = (
			);
			name = CDTools4Tests;
			productName = CDTools4Tests;
			productReference = AA1E533E205A94CA002A5D43 /* CDTools4Tests.xctest */;
			productType = "com.apple.product-type.bundle.unit-test";
		};
		AA1E5357205ACBA9002A5D43 /* CDTools4Example */ = {
			isa = PBXNativeTarget;
			buildConfigurationList = AA1E5367205ACBAC002A5D43 /* Build configuration list for PBXNativeTarget "CDTools4Example" */;
			buildPhases = (
				AA1E5354205ACBA9002A5D43 /* Sources */,
				AA1E5355205ACBA9002A5D43 /* Frameworks */,
				AA1E5356205ACBA9002A5D43 /* Resources */,
			);
			buildRules = (
			);
			dependencies = (
			);
			name = CDTools4Example;
			productName = CDTools4Example;
			productReference = AA1E5358205ACBA9002A5D43 /* CDTools4Example.app */;
			productType = "com.apple.product-type.application";
		};
/* End PBXNativeTarget section */

/* Begin PBXProject section */
		AA1E5333205A9473002A5D43 /* Project object */ = {
			isa = PBXProject;
			attributes = {
				LastSwiftUpdateCheck = 0930;
				LastUpgradeCheck = 0930;
				TargetAttributes = {
					AA1E533D205A94CA002A5D43 = {
						CreatedOnToolsVersion = 9.3;
					};
					AA1E5357205ACBA9002A5D43 = {
						CreatedOnToolsVersion = 9.3;
					};
				};
			};
			buildConfigurationList = AA1E5336205A9473002A5D43 /* Build configuration list for PBXProject "CDToolsSwift4" */;
			compatibilityVersion = "Xcode 9.3";
			developmentRegion = en;
			hasScannedForEncodings = 0;
			knownRegions = (
				en,
				Base,
			);
			mainGroup = AA1E5332205A9473002A5D43;
			productRefGroup = AA1E533F205A94CA002A5D43 /* Products */;
			projectDirPath = "";
			projectRoot = "";
			targets = (
				AA1E533D205A94CA002A5D43 /* CDTools4Tests */,
				AA1E5357205ACBA9002A5D43 /* CDTools4Example */,
			);
		};
/* End PBXProject section */

/* Begin PBXResourcesBuildPhase section */
		AA1E533C205A94CA002A5D43 /* Resources */ = {
			isa = PBXResourcesBuildPhase;
			buildActionMask = 2147483647;
			files = (
			);
			runOnlyForDeploymentPostprocessing = 0;
		};
		AA1E5356205ACBA9002A5D43 /* Resources */ = {
			isa = PBXResourcesBuildPhase;
			buildActionMask = 2147483647;
			files = (
				AA1E5365205ACBAC002A5D43 /* LaunchScreen.storyboard in Resources */,
				AA1E5362205ACBAC002A5D43 /* Assets.xcassets in Resources */,
				AA1E5360205ACBA9002A5D43 /* Main.storyboard in Resources */,
			);
			runOnlyForDeploymentPostprocessing = 0;
		};
/* End PBXResourcesBuildPhase section */

/* Begin PBXSourcesBuildPhase section */
		AA1E533A205A94CA002A5D43 /* Sources */ = {
			isa = PBXSourcesBuildPhase;
			buildActionMask = 2147483647;
			files = (
				AA1E5342205A94CA002A5D43 /* CDTools4Tests.swift in Sources */,
			);
			runOnlyForDeploymentPostprocessing = 0;
		};
		AA1E5354205ACBA9002A5D43 /* Sources */ = {
			isa = PBXSourcesBuildPhase;
			buildActionMask = 2147483647;
			files = (
				AA8CE9122091B87A00CC0847 /* Haptics.swift in Sources */,
				AA6DB8E9205BAF450002F4B7 /* UITableView+CDTools.swift in Sources */,
				AA8CE9142091B87A00CC0847 /* UITextField+CDTools.swift in Sources */,
				AA3572DF207B7CFE0033B4E4 /* UICollectionView+CDTools.swift in Sources */,
				AA8CE90E2091B87A00CC0847 /* IndexPath+CDTools.swift in Sources */,
				AA8CE9112091B87A00CC0847 /* GrowingTextField.swift in Sources */,
				AA8CE90D2091B87A00CC0847 /* Collection+CDTools.swift in Sources */,
				AA8CE90F2091B87A00CC0847 /* AnimatedButton.swift in Sources */,
				AA3572EE207CA7420033B4E4 /* ResponsiveLayoutConstraint.swift in Sources */,
				AA1E535D205ACBA9002A5D43 /* ViewController.swift in Sources */,
				AA1E535B205ACBA9002A5D43 /* AppDelegate.swift in Sources */,
				AA6DB8E7205BAF450002F4B7 /* UIColor+CDTools.swift in Sources */,
				AA3572DC207B7CCA0033B4E4 /* UICollectionViewCell+CDTools.swift in Sources */,
				AA6DB8E8205BAF450002F4B7 /* UIKeyboard+CDTools.swift in Sources */,
				AA8CE9102091B87A00CC0847 /* CircularProgressButton.swift in Sources */,
				AA6DB8E6205BAF450002F4B7 /* Bundle+CDTools.swift in Sources */,
				AA6DB8E4205BAF450002F4B7 /* String+Localizable.swift in Sources */,
				AA3572EA207CA1AF0033B4E4 /* Array+CDTools.swift in Sources */,
				AA8CE9132091B87A00CC0847 /* ImageButton.swift in Sources */,
				AA6DB8E5205BAF450002F4B7 /* UIView+CDTools.swift in Sources */,
				AA6DB8EA205BAF450002F4B7 /* UITableViewCell+CDTools.swift in Sources */,
				AA3572D8207B766B0033B4E4 /* UIViewController+CDTools.swift in Sources */,
				AAAA4EA0207D432D009C0360 /* NSLayoutConstraint+CDTools.swift in Sources */,
			);
			runOnlyForDeploymentPostprocessing = 0;
		};
/* End PBXSourcesBuildPhase section */

/* Begin PBXVariantGroup section */
		AA1E535E205ACBA9002A5D43 /* Main.storyboard */ = {
			isa = PBXVariantGroup;
			children = (
				AA1E535F205ACBA9002A5D43 /* Base */,
			);
			name = Main.storyboard;
			sourceTree = "<group>";
		};
		AA1E5363205ACBAC002A5D43 /* LaunchScreen.storyboard */ = {
			isa = PBXVariantGroup;
			children = (
				AA1E5364205ACBAC002A5D43 /* Base */,
			);
			name = LaunchScreen.storyboard;
			sourceTree = "<group>";
		};
/* End PBXVariantGroup section */

/* Begin XCBuildConfiguration section */
		AA1E5337205A9473002A5D43 /* Debug */ = {
			isa = XCBuildConfiguration;
			buildSettings = {
				IPHONEOS_DEPLOYMENT_TARGET = 10.0;
			};
			name = Debug;
		};
		AA1E5338205A9473002A5D43 /* Release */ = {
			isa = XCBuildConfiguration;
			buildSettings = {
				IPHONEOS_DEPLOYMENT_TARGET = 10.0;
			};
			name = Release;
		};
		AA1E5345205A94CA002A5D43 /* Debug */ = {
			isa = XCBuildConfiguration;
			buildSettings = {
				ALWAYS_SEARCH_USER_PATHS = NO;
				CLANG_ANALYZER_NONNULL = YES;
				CLANG_ANALYZER_NUMBER_OBJECT_CONVERSION = YES_AGGRESSIVE;
				CLANG_CXX_LANGUAGE_STANDARD = "gnu++14";
				CLANG_CXX_LIBRARY = "libc++";
				CLANG_ENABLE_MODULES = YES;
				CLANG_ENABLE_OBJC_ARC = YES;
				CLANG_ENABLE_OBJC_WEAK = YES;
				CLANG_WARN_BLOCK_CAPTURE_AUTORELEASING = YES;
				CLANG_WARN_BOOL_CONVERSION = YES;
				CLANG_WARN_COMMA = YES;
				CLANG_WARN_CONSTANT_CONVERSION = YES;
				CLANG_WARN_DEPRECATED_OBJC_IMPLEMENTATIONS = YES;
				CLANG_WARN_DIRECT_OBJC_ISA_USAGE = YES_ERROR;
				CLANG_WARN_DOCUMENTATION_COMMENTS = YES;
				CLANG_WARN_EMPTY_BODY = YES;
				CLANG_WARN_ENUM_CONVERSION = YES;
				CLANG_WARN_INFINITE_RECURSION = YES;
				CLANG_WARN_INT_CONVERSION = YES;
				CLANG_WARN_NON_LITERAL_NULL_CONVERSION = YES;
				CLANG_WARN_OBJC_IMPLICIT_RETAIN_SELF = YES;
				CLANG_WARN_OBJC_LITERAL_CONVERSION = YES;
				CLANG_WARN_OBJC_ROOT_CLASS = YES_ERROR;
				CLANG_WARN_RANGE_LOOP_ANALYSIS = YES;
				CLANG_WARN_STRICT_PROTOTYPES = YES;
				CLANG_WARN_SUSPICIOUS_MOVE = YES;
				CLANG_WARN_UNGUARDED_AVAILABILITY = YES_AGGRESSIVE;
				CLANG_WARN_UNREACHABLE_CODE = YES;
				CLANG_WARN__DUPLICATE_METHOD_MATCH = YES;
				CODE_SIGN_IDENTITY = "iPhone Developer";
				CODE_SIGN_STYLE = Automatic;
				COPY_PHASE_STRIP = NO;
				DEBUG_INFORMATION_FORMAT = dwarf;
				DEVELOPMENT_TEAM = C7G26D2828;
				ENABLE_STRICT_OBJC_MSGSEND = YES;
				ENABLE_TESTABILITY = YES;
				GCC_C_LANGUAGE_STANDARD = gnu11;
				GCC_DYNAMIC_NO_PIC = NO;
				GCC_NO_COMMON_BLOCKS = YES;
				GCC_OPTIMIZATION_LEVEL = 0;
				GCC_PREPROCESSOR_DEFINITIONS = (
					"DEBUG=1",
					"$(inherited)",
				);
				GCC_WARN_64_TO_32_BIT_CONVERSION = YES;
				GCC_WARN_ABOUT_RETURN_TYPE = YES_ERROR;
				GCC_WARN_UNDECLARED_SELECTOR = YES;
				GCC_WARN_UNINITIALIZED_AUTOS = YES_AGGRESSIVE;
				GCC_WARN_UNUSED_FUNCTION = YES;
				GCC_WARN_UNUSED_VARIABLE = YES;
				INFOPLIST_FILE = CDTools4Tests/Info.plist;
				IPHONEOS_DEPLOYMENT_TARGET = 11.3;
				LD_RUNPATH_SEARCH_PATHS = (
					"$(inherited)",
					"@executable_path/Frameworks",
					"@loader_path/Frameworks",
				);
				MTL_ENABLE_DEBUG_INFO = YES;
				ONLY_ACTIVE_ARCH = YES;
				PRODUCT_BUNDLE_IDENTIFIER = com.christiandeckertapps.CDTools4Tests;
				PRODUCT_NAME = "$(TARGET_NAME)";
				SDKROOT = iphoneos;
				SWIFT_ACTIVE_COMPILATION_CONDITIONS = DEBUG;
				SWIFT_OPTIMIZATION_LEVEL = "-Onone";
				SWIFT_VERSION = 4.0;
				TARGETED_DEVICE_FAMILY = "1,2";
			};
			name = Debug;
		};
		AA1E5346205A94CA002A5D43 /* Release */ = {
			isa = XCBuildConfiguration;
			buildSettings = {
				ALWAYS_SEARCH_USER_PATHS = NO;
				CLANG_ANALYZER_NONNULL = YES;
				CLANG_ANALYZER_NUMBER_OBJECT_CONVERSION = YES_AGGRESSIVE;
				CLANG_CXX_LANGUAGE_STANDARD = "gnu++14";
				CLANG_CXX_LIBRARY = "libc++";
				CLANG_ENABLE_MODULES = YES;
				CLANG_ENABLE_OBJC_ARC = YES;
				CLANG_ENABLE_OBJC_WEAK = YES;
				CLANG_WARN_BLOCK_CAPTURE_AUTORELEASING = YES;
				CLANG_WARN_BOOL_CONVERSION = YES;
				CLANG_WARN_COMMA = YES;
				CLANG_WARN_CONSTANT_CONVERSION = YES;
				CLANG_WARN_DEPRECATED_OBJC_IMPLEMENTATIONS = YES;
				CLANG_WARN_DIRECT_OBJC_ISA_USAGE = YES_ERROR;
				CLANG_WARN_DOCUMENTATION_COMMENTS = YES;
				CLANG_WARN_EMPTY_BODY = YES;
				CLANG_WARN_ENUM_CONVERSION = YES;
				CLANG_WARN_INFINITE_RECURSION = YES;
				CLANG_WARN_INT_CONVERSION = YES;
				CLANG_WARN_NON_LITERAL_NULL_CONVERSION = YES;
				CLANG_WARN_OBJC_IMPLICIT_RETAIN_SELF = YES;
				CLANG_WARN_OBJC_LITERAL_CONVERSION = YES;
				CLANG_WARN_OBJC_ROOT_CLASS = YES_ERROR;
				CLANG_WARN_RANGE_LOOP_ANALYSIS = YES;
				CLANG_WARN_STRICT_PROTOTYPES = YES;
				CLANG_WARN_SUSPICIOUS_MOVE = YES;
				CLANG_WARN_UNGUARDED_AVAILABILITY = YES_AGGRESSIVE;
				CLANG_WARN_UNREACHABLE_CODE = YES;
				CLANG_WARN__DUPLICATE_METHOD_MATCH = YES;
				CODE_SIGN_IDENTITY = "iPhone Developer";
				CODE_SIGN_STYLE = Automatic;
				COPY_PHASE_STRIP = NO;
				DEBUG_INFORMATION_FORMAT = "dwarf-with-dsym";
				DEVELOPMENT_TEAM = C7G26D2828;
				ENABLE_NS_ASSERTIONS = NO;
				ENABLE_STRICT_OBJC_MSGSEND = YES;
				GCC_C_LANGUAGE_STANDARD = gnu11;
				GCC_NO_COMMON_BLOCKS = YES;
				GCC_WARN_64_TO_32_BIT_CONVERSION = YES;
				GCC_WARN_ABOUT_RETURN_TYPE = YES_ERROR;
				GCC_WARN_UNDECLARED_SELECTOR = YES;
				GCC_WARN_UNINITIALIZED_AUTOS = YES_AGGRESSIVE;
				GCC_WARN_UNUSED_FUNCTION = YES;
				GCC_WARN_UNUSED_VARIABLE = YES;
				INFOPLIST_FILE = CDTools4Tests/Info.plist;
				IPHONEOS_DEPLOYMENT_TARGET = 11.3;
				LD_RUNPATH_SEARCH_PATHS = (
					"$(inherited)",
					"@executable_path/Frameworks",
					"@loader_path/Frameworks",
				);
				MTL_ENABLE_DEBUG_INFO = NO;
				PRODUCT_BUNDLE_IDENTIFIER = com.christiandeckertapps.CDTools4Tests;
				PRODUCT_NAME = "$(TARGET_NAME)";
				SDKROOT = iphoneos;
				SWIFT_COMPILATION_MODE = wholemodule;
				SWIFT_OPTIMIZATION_LEVEL = "-O";
				SWIFT_VERSION = 4.0;
				TARGETED_DEVICE_FAMILY = "1,2";
				VALIDATE_PRODUCT = YES;
			};
			name = Release;
		};
		AA1E5368205ACBAC002A5D43 /* Debug */ = {
			isa = XCBuildConfiguration;
			buildSettings = {
				ALWAYS_SEARCH_USER_PATHS = NO;
				ASSETCATALOG_COMPILER_APPICON_NAME = AppIcon;
				CLANG_ANALYZER_NONNULL = YES;
				CLANG_ANALYZER_NUMBER_OBJECT_CONVERSION = YES_AGGRESSIVE;
				CLANG_CXX_LANGUAGE_STANDARD = "gnu++14";
				CLANG_CXX_LIBRARY = "libc++";
				CLANG_ENABLE_MODULES = YES;
				CLANG_ENABLE_OBJC_ARC = YES;
				CLANG_ENABLE_OBJC_WEAK = YES;
				CLANG_WARN_BLOCK_CAPTURE_AUTORELEASING = YES;
				CLANG_WARN_BOOL_CONVERSION = YES;
				CLANG_WARN_COMMA = YES;
				CLANG_WARN_CONSTANT_CONVERSION = YES;
				CLANG_WARN_DEPRECATED_OBJC_IMPLEMENTATIONS = YES;
				CLANG_WARN_DIRECT_OBJC_ISA_USAGE = YES_ERROR;
				CLANG_WARN_DOCUMENTATION_COMMENTS = YES;
				CLANG_WARN_EMPTY_BODY = YES;
				CLANG_WARN_ENUM_CONVERSION = YES;
				CLANG_WARN_INFINITE_RECURSION = YES;
				CLANG_WARN_INT_CONVERSION = YES;
				CLANG_WARN_NON_LITERAL_NULL_CONVERSION = YES;
				CLANG_WARN_OBJC_IMPLICIT_RETAIN_SELF = YES;
				CLANG_WARN_OBJC_LITERAL_CONVERSION = YES;
				CLANG_WARN_OBJC_ROOT_CLASS = YES_ERROR;
				CLANG_WARN_RANGE_LOOP_ANALYSIS = YES;
				CLANG_WARN_STRICT_PROTOTYPES = YES;
				CLANG_WARN_SUSPICIOUS_MOVE = YES;
				CLANG_WARN_UNGUARDED_AVAILABILITY = YES_AGGRESSIVE;
				CLANG_WARN_UNREACHABLE_CODE = YES;
				CLANG_WARN__DUPLICATE_METHOD_MATCH = YES;
				CODE_SIGN_IDENTITY = "iPhone Developer";
				CODE_SIGN_STYLE = Automatic;
				COPY_PHASE_STRIP = NO;
				DEBUG_INFORMATION_FORMAT = dwarf;
				DEVELOPMENT_TEAM = C7G26D2828;
				ENABLE_STRICT_OBJC_MSGSEND = YES;
				ENABLE_TESTABILITY = YES;
				GCC_C_LANGUAGE_STANDARD = gnu11;
				GCC_DYNAMIC_NO_PIC = NO;
				GCC_NO_COMMON_BLOCKS = YES;
				GCC_OPTIMIZATION_LEVEL = 0;
				GCC_PREPROCESSOR_DEFINITIONS = (
					"DEBUG=1",
					"$(inherited)",
				);
				GCC_WARN_64_TO_32_BIT_CONVERSION = YES;
				GCC_WARN_ABOUT_RETURN_TYPE = YES_ERROR;
				GCC_WARN_UNDECLARED_SELECTOR = YES;
				GCC_WARN_UNINITIALIZED_AUTOS = YES_AGGRESSIVE;
				GCC_WARN_UNUSED_FUNCTION = YES;
				GCC_WARN_UNUSED_VARIABLE = YES;
				INFOPLIST_FILE = CDTools4Example/Info.plist;
				IPHONEOS_DEPLOYMENT_TARGET = 9.0;
				LD_RUNPATH_SEARCH_PATHS = (
					"$(inherited)",
					"@executable_path/Frameworks",
				);
				MTL_ENABLE_DEBUG_INFO = YES;
				ONLY_ACTIVE_ARCH = YES;
				PRODUCT_BUNDLE_IDENTIFIER = com.christiandeckertapps.CDTools4Example;
				PRODUCT_NAME = "$(TARGET_NAME)";
				SDKROOT = iphoneos;
				SWIFT_ACTIVE_COMPILATION_CONDITIONS = DEBUG;
				SWIFT_OPTIMIZATION_LEVEL = "-Onone";
				SWIFT_VERSION = 4.0;
				TARGETED_DEVICE_FAMILY = "1,2";
			};
			name = Debug;
		};
		AA1E5369205ACBAC002A5D43 /* Release */ = {
			isa = XCBuildConfiguration;
			buildSettings = {
				ALWAYS_SEARCH_USER_PATHS = NO;
				ASSETCATALOG_COMPILER_APPICON_NAME = AppIcon;
				CLANG_ANALYZER_NONNULL = YES;
				CLANG_ANALYZER_NUMBER_OBJECT_CONVERSION = YES_AGGRESSIVE;
				CLANG_CXX_LANGUAGE_STANDARD = "gnu++14";
				CLANG_CXX_LIBRARY = "libc++";
				CLANG_ENABLE_MODULES = YES;
				CLANG_ENABLE_OBJC_ARC = YES;
				CLANG_ENABLE_OBJC_WEAK = YES;
				CLANG_WARN_BLOCK_CAPTURE_AUTORELEASING = YES;
				CLANG_WARN_BOOL_CONVERSION = YES;
				CLANG_WARN_COMMA = YES;
				CLANG_WARN_CONSTANT_CONVERSION = YES;
				CLANG_WARN_DEPRECATED_OBJC_IMPLEMENTATIONS = YES;
				CLANG_WARN_DIRECT_OBJC_ISA_USAGE = YES_ERROR;
				CLANG_WARN_DOCUMENTATION_COMMENTS = YES;
				CLANG_WARN_EMPTY_BODY = YES;
				CLANG_WARN_ENUM_CONVERSION = YES;
				CLANG_WARN_INFINITE_RECURSION = YES;
				CLANG_WARN_INT_CONVERSION = YES;
				CLANG_WARN_NON_LITERAL_NULL_CONVERSION = YES;
				CLANG_WARN_OBJC_IMPLICIT_RETAIN_SELF = YES;
				CLANG_WARN_OBJC_LITERAL_CONVERSION = YES;
				CLANG_WARN_OBJC_ROOT_CLASS = YES_ERROR;
				CLANG_WARN_RANGE_LOOP_ANALYSIS = YES;
				CLANG_WARN_STRICT_PROTOTYPES = YES;
				CLANG_WARN_SUSPICIOUS_MOVE = YES;
				CLANG_WARN_UNGUARDED_AVAILABILITY = YES_AGGRESSIVE;
				CLANG_WARN_UNREACHABLE_CODE = YES;
				CLANG_WARN__DUPLICATE_METHOD_MATCH = YES;
				CODE_SIGN_IDENTITY = "iPhone Developer";
				CODE_SIGN_STYLE = Automatic;
				COPY_PHASE_STRIP = NO;
				DEBUG_INFORMATION_FORMAT = "dwarf-with-dsym";
				DEVELOPMENT_TEAM = C7G26D2828;
				ENABLE_NS_ASSERTIONS = NO;
				ENABLE_STRICT_OBJC_MSGSEND = YES;
				GCC_C_LANGUAGE_STANDARD = gnu11;
				GCC_NO_COMMON_BLOCKS = YES;
				GCC_WARN_64_TO_32_BIT_CONVERSION = YES;
				GCC_WARN_ABOUT_RETURN_TYPE = YES_ERROR;
				GCC_WARN_UNDECLARED_SELECTOR = YES;
				GCC_WARN_UNINITIALIZED_AUTOS = YES_AGGRESSIVE;
				GCC_WARN_UNUSED_FUNCTION = YES;
				GCC_WARN_UNUSED_VARIABLE = YES;
				INFOPLIST_FILE = CDTools4Example/Info.plist;
				IPHONEOS_DEPLOYMENT_TARGET = 9.0;
				LD_RUNPATH_SEARCH_PATHS = (
					"$(inherited)",
					"@executable_path/Frameworks",
				);
				MTL_ENABLE_DEBUG_INFO = NO;
				PRODUCT_BUNDLE_IDENTIFIER = com.christiandeckertapps.CDTools4Example;
				PRODUCT_NAME = "$(TARGET_NAME)";
				SDKROOT = iphoneos;
				SWIFT_COMPILATION_MODE = wholemodule;
				SWIFT_OPTIMIZATION_LEVEL = "-O";
				SWIFT_VERSION = 4.0;
				TARGETED_DEVICE_FAMILY = "1,2";
				VALIDATE_PRODUCT = YES;
			};
			name = Release;
		};
/* End XCBuildConfiguration section */

/* Begin XCConfigurationList section */
		AA1E5336205A9473002A5D43 /* Build configuration list for PBXProject "CDToolsSwift4" */ = {
			isa = XCConfigurationList;
			buildConfigurations = (
				AA1E5337205A9473002A5D43 /* Debug */,
				AA1E5338205A9473002A5D43 /* Release */,
			);
			defaultConfigurationIsVisible = 0;
			defaultConfigurationName = Release;
		};
		AA1E5344205A94CA002A5D43 /* Build configuration list for PBXNativeTarget "CDTools4Tests" */ = {
			isa = XCConfigurationList;
			buildConfigurations = (
				AA1E5345205A94CA002A5D43 /* Debug */,
				AA1E5346205A94CA002A5D43 /* Release */,
			);
			defaultConfigurationIsVisible = 0;
			defaultConfigurationName = Release;
		};
		AA1E5367205ACBAC002A5D43 /* Build configuration list for PBXNativeTarget "CDTools4Example" */ = {
			isa = XCConfigurationList;
			buildConfigurations = (
				AA1E5368205ACBAC002A5D43 /* Debug */,
				AA1E5369205ACBAC002A5D43 /* Release */,
			);
			defaultConfigurationIsVisible = 0;
			defaultConfigurationName = Release;
		};
/* End XCConfigurationList section */
	};
	rootObject = AA1E5333205A9473002A5D43 /* Project object */;
}
